// !$*UTF8*$!
{
	archiveVersion = 1;
	classes = {
	};
	objectVersion = 46;
	objects = {

/* Begin PBXBuildFile section */
		3EDF2D2E1C9653C500FF6AF5 /* main.m in Sources */ = {isa = PBXBuildFile; fileRef = 3EDF2D2D1C9653C500FF6AF5 /* main.m */; };
		3EDF2D311C9653C500FF6AF5 /* AppDelegate.m in Sources */ = {isa = PBXBuildFile; fileRef = 3EDF2D301C9653C500FF6AF5 /* AppDelegate.m */; };
		3EDF2D371C9653C500FF6AF5 /* Main.storyboard in Resources */ = {isa = PBXBuildFile; fileRef = 3EDF2D351C9653C500FF6AF5 /* Main.storyboard */; };
		3EDF2D391C9653C500FF6AF5 /* Assets.xcassets in Resources */ = {isa = PBXBuildFile; fileRef = 3EDF2D381C9653C500FF6AF5 /* Assets.xcassets */; };
		3EDF2D3C1C9653C500FF6AF5 /* LaunchScreen.storyboard in Resources */ = {isa = PBXBuildFile; fileRef = 3EDF2D3A1C9653C500FF6AF5 /* LaunchScreen.storyboard */; };
		3EDF2D451C96578200FF6AF5 /* CityList.m in Sources */ = {isa = PBXBuildFile; fileRef = 3EDF2D441C96578200FF6AF5 /* CityList.m */; };
		3EDF2D481C9657A900FF6AF5 /* AddCity.m in Sources */ = {isa = PBXBuildFile; fileRef = 3EDF2D471C9657A900FF6AF5 /* AddCity.m */; };
		3EDF2D4C1C9659E700FF6AF5 /* CityObj.m in Sources */ = {isa = PBXBuildFile; fileRef = 3EDF2D4B1C9659E700FF6AF5 /* CityObj.m */; };
		3EDF2D4E1C965AFA00FF6AF5 /* cities.plist in Resources */ = {isa = PBXBuildFile; fileRef = 3EDF2D4D1C965AFA00FF6AF5 /* cities.plist */; };
/* End PBXBuildFile section */

/* Begin PBXFileReference section */
		3EDF2D291C9653C500FF6AF5 /* Weather.app */ = {isa = PBXFileReference; explicitFileType = wrapper.application; includeInIndex = 0; path = Weather.app; sourceTree = BUILT_PRODUCTS_DIR; };
		3EDF2D2D1C9653C500FF6AF5 /* main.m */ = {isa = PBXFileReference; lastKnownFileType = sourcecode.c.objc; path = main.m; sourceTree = "<group>"; };
		3EDF2D2F1C9653C500FF6AF5 /* AppDelegate.h */ = {isa = PBXFileReference; lastKnownFileType = sourcecode.c.h; path = AppDelegate.h; sourceTree = "<group>"; };
		3EDF2D301C9653C500FF6AF5 /* AppDelegate.m */ = {isa = PBXFileReference; lastKnownFileType = sourcecode.c.objc; path = AppDelegate.m; sourceTree = "<group>"; };
		3EDF2D361C9653C500FF6AF5 /* Base */ = {isa = PBXFileReference; lastKnownFileType = file.storyboard; name = Base; path = Base.lproj/Main.storyboard; sourceTree = "<group>"; };
		3EDF2D381C9653C500FF6AF5 /* Assets.xcassets */ = {isa = PBXFileReference; lastKnownFileType = folder.assetcatalog; path = Assets.xcassets; sourceTree = "<group>"; };
		3EDF2D3B1C9653C500FF6AF5 /* Base */ = {isa = PBXFileReference; lastKnownFileType = file.storyboard; name = Base; path = Base.lproj/LaunchScreen.storyboard; sourceTree = "<group>"; };
		3EDF2D3D1C9653C500FF6AF5 /* Info.plist */ = {isa = PBXFileReference; lastKnownFileType = text.plist.xml; path = Info.plist; sourceTree = "<group>"; };
		3EDF2D431C96578200FF6AF5 /* CityList.h */ = {isa = PBXFileReference; fileEncoding = 4; lastKnownFileType = sourcecode.c.h; path = CityList.h; sourceTree = "<group>"; };
		3EDF2D441C96578200FF6AF5 /* CityList.m */ = {isa = PBXFileReference; fileEncoding = 4; lastKnownFileType = sourcecode.c.objc; path = CityList.m; sourceTree = "<group>"; };
		3EDF2D461C9657A900FF6AF5 /* AddCity.h */ = {isa = PBXFileReference; fileEncoding = 4; lastKnownFileType = sourcecode.c.h; path = AddCity.h; sourceTree = "<group>"; };
		3EDF2D471C9657A900FF6AF5 /* AddCity.m */ = {isa = PBXFileReference; fileEncoding = 4; lastKnownFileType = sourcecode.c.objc; path = AddCity.m; sourceTree = "<group>"; };
		3EDF2D4A1C9659E700FF6AF5 /* CityObj.h */ = {isa = PBXFileReference; fileEncoding = 4; lastKnownFileType = sourcecode.c.h; path = CityObj.h; sourceTree = "<group>"; };
		3EDF2D4B1C9659E700FF6AF5 /* CityObj.m */ = {isa = PBXFileReference; fileEncoding = 4; lastKnownFileType = sourcecode.c.objc; path = CityObj.m; sourceTree = "<group>"; };
		3EDF2D4D1C965AFA00FF6AF5 /* cities.plist */ = {isa = PBXFileReference; fileEncoding = 4; lastKnownFileType = text.plist.xml; path = cities.plist; sourceTree = "<group>"; };
/* End PBXFileReference section */

/* Begin PBXFrameworksBuildPhase section */
		3EDF2D261C9653C500FF6AF5 /* Frameworks */ = {
			isa = PBXFrameworksBuildPhase;
			buildActionMask = 2147483647;
			files = (
			);
			runOnlyForDeploymentPostprocessing = 0;
		};
/* End PBXFrameworksBuildPhase section */

/* Begin PBXGroup section */
		3EDF2D201C9653C500FF6AF5 = {
			isa = PBXGroup;
			children = (
				3EDF2D2B1C9653C500FF6AF5 /* Weather */,
				3EDF2D2A1C9653C500FF6AF5 /* Products */,
			);
			sourceTree = "<group>";
		};
		3EDF2D2A1C9653C500FF6AF5 /* Products */ = {
			isa = PBXGroup;
			children = (
				3EDF2D291C9653C500FF6AF5 /* Weather.app */,
			);
			name = Products;
			sourceTree = "<group>";
		};
		3EDF2D2B1C9653C500FF6AF5 /* Weather */ = {
			isa = PBXGroup;
			children = (
				3EDF2D2F1C9653C500FF6AF5 /* AppDelegate.h */,
				3EDF2D301C9653C500FF6AF5 /* AppDelegate.m */,
				3EDF2D351C9653C500FF6AF5 /* Main.storyboard */,
				3EDF2D491C9659DF00FF6AF5 /* Model */,
				3EDF2D431C96578200FF6AF5 /* CityList.h */,
				3EDF2D441C96578200FF6AF5 /* CityList.m */,
				3EDF2D461C9657A900FF6AF5 /* AddCity.h */,
				3EDF2D471C9657A900FF6AF5 /* AddCity.m */,
				3EDF2D4D1C965AFA00FF6AF5 /* cities.plist */,
				3EDF2D381C9653C500FF6AF5 /* Assets.xcassets */,
				3EDF2D3A1C9653C500FF6AF5 /* LaunchScreen.storyboard */,
				3EDF2D3D1C9653C500FF6AF5 /* Info.plist */,
				3EDF2D2C1C9653C500FF6AF5 /* Supporting Files */,
			);
			path = Weather;
			sourceTree = "<group>";
		};
		3EDF2D2C1C9653C500FF6AF5 /* Supporting Files */ = {
			isa = PBXGroup;
			children = (
				3EDF2D2D1C9653C500FF6AF5 /* main.m */,
			);
			name = "Supporting Files";
			sourceTree = "<group>";
		};
		3EDF2D491C9659DF00FF6AF5 /* Model */ = {
			isa = PBXGroup;
			children = (
				3EDF2D4A1C9659E700FF6AF5 /* CityObj.h */,
				3EDF2D4B1C9659E700FF6AF5 /* CityObj.m */,
			);
			path = Model;
			sourceTree = "<group>";
		};
/* End PBXGroup section */

/* Begin PBXNativeTarget section */
		3EDF2D281C9653C500FF6AF5 /* Weather */ = {
			isa = PBXNativeTarget;
			buildConfigurationList = 3EDF2D401C9653C500FF6AF5 /* Build configuration list for PBXNativeTarget "Weather" */;
			buildPhases = (
				3EDF2D251C9653C500FF6AF5 /* Sources */,
				3EDF2D261C9653C500FF6AF5 /* Frameworks */,
				3EDF2D271C9653C500FF6AF5 /* Resources */,
			);
			buildRules = (
			);
			dependencies = (
			);
			name = Weather;
			productName = Weather;
			productReference = 3EDF2D291C9653C500FF6AF5 /* Weather.app */;
			productType = "com.apple.product-type.application";
		};
/* End PBXNativeTarget section */

/* Begin PBXProject section */
		3EDF2D211C9653C500FF6AF5 /* Project object */ = {
			isa = PBXProject;
			attributes = {
				LastUpgradeCheck = 0720;
				ORGANIZATIONNAME = Povio;
				TargetAttributes = {
					3EDF2D281C9653C500FF6AF5 = {
						CreatedOnToolsVersion = 7.2.1;
					};
				};
			};
			buildConfigurationList = 3EDF2D241C9653C500FF6AF5 /* Build configuration list for PBXProject "Weather" */;
			compatibilityVersion = "Xcode 3.2";
			developmentRegion = English;
			hasScannedForEncodings = 0;
			knownRegions = (
				en,
				Base,
			);
			mainGroup = 3EDF2D201C9653C500FF6AF5;
			productRefGroup = 3EDF2D2A1C9653C500FF6AF5 /* Products */;
			projectDirPath = "";
			projectRoot = "";
			targets = (
				3EDF2D281C9653C500FF6AF5 /* Weather */,
			);
		};
/* End PBXProject section */

/* Begin PBXResourcesBuildPhase section */
		3EDF2D271C9653C500FF6AF5 /* Resources */ = {
			isa = PBXResourcesBuildPhase;
			buildActionMask = 2147483647;
			files = (
				3EDF2D3C1C9653C500FF6AF5 /* LaunchScreen.storyboard in Resources */,
				3EDF2D391C9653C500FF6AF5 /* Assets.xcassets in Resources */,
				3EDF2D371C9653C500FF6AF5 /* Main.storyboard in Resources */,
				3EDF2D4E1C965AFA00FF6AF5 /* cities.plist in Resources */,
			);
			runOnlyForDeploymentPostprocessing = 0;
		};
/* End PBXResourcesBuildPhase section */

/* Begin PBXSourcesBuildPhase section */
		3EDF2D251C9653C500FF6AF5 /* Sources */ = {
			isa = PBXSourcesBuildPhase;
			buildActionMask = 2147483647;
			files = (
				3EDF2D481C9657A900FF6AF5 /* AddCity.m in Sources */,
				3EDF2D311C9653C500FF6AF5 /* AppDelegate.m in Sources */,
				3EDF2D451C96578200FF6AF5 /* CityList.m in Sources */,
				3EDF2D2E1C9653C500FF6AF5 /* main.m in Sources */,
				3EDF2D4C1C9659E700FF6AF5 /* CityObj.m in Sources */,
			);
			runOnlyForDeploymentPostprocessing = 0;
		};
/* End PBXSourcesBuildPhase section */

/* Begin PBXVariantGroup section */
		3EDF2D351C9653C500FF6AF5 /* Main.storyboard */ = {
			isa = PBXVariantGroup;
			children = (
				3EDF2D361C9653C500FF6AF5 /* Base */,
			);
			name = Main.storyboard;
			sourceTree = "<group>";
		};
		3EDF2D3A1C9653C500FF6AF5 /* LaunchScreen.storyboard */ = {
			isa = PBXVariantGroup;
			children = (
				3EDF2D3B1C9653C500FF6AF5 /* Base */,
			);
			name = LaunchScreen.storyboard;
			sourceTree = "<group>";
		};
/* End PBXVariantGroup section */

/* Begin XCBuildConfiguration section */
		3EDF2D3E1C9653C500FF6AF5 /* Debug */ = {
			isa = XCBuildConfiguration;
			buildSettings = {
				ALWAYS_SEARCH_USER_PATHS = NO;
				CLANG_CXX_LANGUAGE_STANDARD = "gnu++0x";
				CLANG_CXX_LIBRARY = "libc++";
				CLANG_ENABLE_MODULES = YES;
				CLANG_ENABLE_OBJC_ARC = YES;
				CLANG_WARN_BOOL_CONVERSION = YES;
				CLANG_WARN_CONSTANT_CONVERSION = YES;
				CLANG_WARN_DIRECT_OBJC_ISA_USAGE = YES_ERROR;
				CLANG_WARN_EMPTY_BODY = YES;
				CLANG_WARN_ENUM_CONVERSION = YES;
				CLANG_WARN_INT_CONVERSION = YES;
				CLANG_WARN_OBJC_ROOT_CLASS = YES_ERROR;
				CLANG_WARN_UNREACHABLE_CODE = YES;
				CLANG_WARN__DUPLICATE_METHOD_MATCH = YES;
				"CODE_SIGN_IDENTITY[sdk=iphoneos*]" = "iPhone Developer";
				COPY_PHASE_STRIP = NO;
				DEBUG_INFORMATION_FORMAT = dwarf;
				ENABLE_STRICT_OBJC_MSGSEND = YES;
				ENABLE_TESTABILITY = YES;
				GCC_C_LANGUAGE_STANDARD = gnu99;
				GCC_DYNAMIC_NO_PIC = NO;
				GCC_NO_COMMON_BLOCKS = YES;
				GCC_OPTIMIZATION_LEVEL = 0;
				GCC_PREPROCESSOR_DEFINITIONS = (
					"DEBUG=1",
					"$(inherited)",
				);
				GCC_WARN_64_TO_32_BIT_CONVERSION = YES;
				GCC_WARN_ABOUT_RETURN_TYPE = YES_ERROR;
				GCC_WARN_UNDECLARED_SELECTOR = YES;
				GCC_WARN_UNINITIALIZED_AUTOS = YES_AGGRESSIVE;
				GCC_WARN_UNUSED_FUNCTION = YES;
				GCC_WARN_UNUSED_VARIABLE = YES;
				IPHONEOS_DEPLOYMENT_TARGET = 9.2;
				MTL_ENABLE_DEBUG_INFO = YES;
				ONLY_ACTIVE_ARCH = YES;
				SDKROOT = iphoneos;
			};
			name = Debug;
		};
		3EDF2D3F1C9653C500FF6AF5 /* Release */ = {
			isa = XCBuildConfiguration;
			buildSettings = {
				ALWAYS_SEARCH_USER_PATHS = NO;
				CLANG_CXX_LANGUAGE_STANDARD = "gnu++0x";
				CLANG_CXX_LIBRARY = "libc++";
				CLANG_ENABLE_MODULES = YES;
				CLANG_ENABLE_OBJC_ARC = YES;
				CLANG_WARN_BOOL_CONVERSION = YES;
				CLANG_WARN_CONSTANT_CONVERSION = YES;
				CLANG_WARN_DIRECT_OBJC_ISA_USAGE = YES_ERROR;
				CLANG_WARN_EMPTY_BODY = YES;
				CLANG_WARN_ENUM_CONVERSION = YES;
				CLANG_WARN_INT_CONVERSION = YES;
				CLANG_WARN_OBJC_ROOT_CLASS = YES_ERROR;
				CLANG_WARN_UNREACHABLE_CODE = YES;
				CLANG_WARN__DUPLICATE_METHOD_MATCH = YES;
				"CODE_SIGN_IDENTITY[sdk=iphoneos*]" = "iPhone Developer";
				COPY_PHASE_STRIP = NO;
				DEBUG_INFORMATION_FORMAT = "dwarf-with-dsym";
				ENABLE_NS_ASSERTIONS = NO;
				ENABLE_STRICT_OBJC_MSGSEND = YES;
				GCC_C_LANGUAGE_STANDARD = gnu99;
				GCC_NO_COMMON_BLOCKS = YES;
				GCC_WARN_64_TO_32_BIT_CONVERSION = YES;
				GCC_WARN_ABOUT_RETURN_TYPE = YES_ERROR;
				GCC_WARN_UNDECLARED_SELECTOR = YES;
				GCC_WARN_UNINITIALIZED_AUTOS = YES_AGGRESSIVE;
				GCC_WARN_UNUSED_FUNCTION = YES;
				GCC_WARN_UNUSED_VARIABLE = YES;
				IPHONEOS_DEPLOYMENT_TARGET = 9.2;
				MTL_ENABLE_DEBUG_INFO = NO;
				SDKROOT = iphoneos;
				VALIDATE_PRODUCT = YES;
			};
			name = Release;
		};
		3EDF2D411C9653C500FF6AF5 /* Debug */ = {
			isa = XCBuildConfiguration;
			buildSettings = {
				ASSETCATALOG_COMPILER_APPICON_NAME = AppIcon;
				INFOPLIST_FILE = Weather/Info.plist;
				LD_RUNPATH_SEARCH_PATHS = "$(inherited) @executable_path/Frameworks";
				PRODUCT_BUNDLE_IDENTIFIER = com.webappclouds.povio.Weather;
				PRODUCT_NAME = "$(TARGET_NAME)";
			};
			name = Debug;
		};
		3EDF2D421C9653C500FF6AF5 /* Release */ = {
			isa = XCBuildConfiguration;
			buildSettings = {
				ASSETCATALOG_COMPILER_APPICON_NAME = AppIcon;
				INFOPLIST_FILE = Weather/Info.plist;
				LD_RUNPATH_SEARCH_PATHS = "$(inherited) @executable_path/Frameworks";
				PRODUCT_BUNDLE_IDENTIFIER = com.webappclouds.povio.Weather;
				PRODUCT_NAME = "$(TARGET_NAME)";
			};
			name = Release;
		};
/* End XCBuildConfiguration section */

/* Begin XCConfigurationList section */
		3EDF2D241C9653C500FF6AF5 /* Build configuration list for PBXProject "Weather" */ = {
			isa = XCConfigurationList;
			buildConfigurations = (
				3EDF2D3E1C9653C500FF6AF5 /* Debug */,
				3EDF2D3F1C9653C500FF6AF5 /* Release */,
			);
			defaultConfigurationIsVisible = 0;
			defaultConfigurationName = Release;
		};
		3EDF2D401C9653C500FF6AF5 /* Build configuration list for PBXNativeTarget "Weather" */ = {
			isa = XCConfigurationList;
			buildConfigurations = (
				3EDF2D411C9653C500FF6AF5 /* Debug */,
				3EDF2D421C9653C500FF6AF5 /* Release */,
			);
			defaultConfigurationIsVisible = 0;
			defaultConfigurationName = Release;
		};
/* End XCConfigurationList section */
	};
	rootObject = 3EDF2D211C9653C500FF6AF5 /* Project object */;
}
